
Microsoft Visual Studio Solution File, Format Version 12.00
# Visual Studio Version 16
VisualStudioVersion = 16.0.29215.179
MinimumVisualStudioVersion = 10.0.40219.1
Project("{FAE04EC0-301F-11D3-BF4B-00C04F79EFBC}") = "MTGPrint", "MTGPrint\MTGPrint.csproj", "{6E41B900-1165-4B24-90DB-2F124F624A31}"
EndProject
Project("{FAE04EC0-301F-11D3-BF4B-00C04F79EFBC}") = "Scryfall-Api", "Scryfall-Api\Scryfall-Api.csproj", "{8C0FCABF-C66E-439B-ABCB-FCE4880A64AE}"
EndProject
Global
	GlobalSection(SolutionConfigurationPlatforms) = preSolution
		Debug|Any CPU = Debug|Any CPU
		Release|Any CPU = Release|Any CPU
	EndGlobalSection
	GlobalSection(ProjectConfigurationPlatforms) = postSolution
		{6E41B900-1165-4B24-90DB-2F124F624A31}.Debug|Any CPU.ActiveCfg = Debug|Any CPU
		{6E41B900-1165-4B24-90DB-2F124F624A31}.Debug|Any CPU.Build.0 = Debug|Any CPU
		{6E41B900-1165-4B24-90DB-2F124F624A31}.Release|Any CPU.ActiveCfg = Release|Any CPU
		{6E41B900-1165-4B24-90DB-2F124F624A31}.Release|Any CPU.Build.0 = Release|Any CPU
		{8C0FCABF-C66E-439B-ABCB-FCE4880A64AE}.Debug|Any CPU.ActiveCfg = Debug|Any CPU
		{8C0FCABF-C66E-439B-ABCB-FCE4880A64AE}.Debug|Any CPU.Build.0 = Debug|Any CPU
		{8C0FCABF-C66E-439B-ABCB-FCE4880A64AE}.Release|Any CPU.ActiveCfg = Release|Any CPU
		{8C0FCABF-C66E-439B-ABCB-FCE4880A64AE}.Release|Any CPU.Build.0 = Release|Any CPU
	EndGlobalSection
	GlobalSection(SolutionProperties) = preSolution
		HideSolutionNode = FALSE
	EndGlobalSection
	GlobalSection(ExtensibilityGlobals) = postSolution
		SolutionGuid = {1477B7FB-0FF6-47DF-89F7-9AE79A51C8A7}
	EndGlobalSection
EndGlobal
